# This file is autogenerated, do not edit; changes may be undone by the next 'dep ensure'.


[[projects]]
  branch = "master"
  name = "github.com/globalsign/mgo"
  packages = [
    ".",
    "bson",
    "internal/json",
    "internal/sasl",
    "internal/scram"
  ]
  revision = "113d3961e7311526535a1ef7042196563d442761"

[solve-meta]
  analyzer-name = "dep"
  analyzer-version = 1
  inputs-digest = "765c26db55235fb843f1f48799cd84a75b8b448ef6ad2dce30811ed2f8d9a5bc"
  solver-name = "gps-cdcl"
  solver-version = 1
